
Microsoft Visual Studio Solution File, Format Version 12.00
# Visual Studio Version 17
VisualStudioVersion = 17.2.32602.215
MinimumVisualStudioVersion = 10.0.40219.1
Project("{FAE04EC0-301F-11D3-BF4B-00C04F79EFBC}") = "Zadanie4.8", "Zadanie4.8\Zadanie4.8.csproj", "{224CD73A-B2CC-4346-AA2D-68A87B8FE3CB}"
EndProject
Global
	GlobalSection(SolutionConfigurationPlatforms) = preSolution
		Debug|Any CPU = Debug|Any CPU
		Release|Any CPU = Release|Any CPU
	EndGlobalSection
	GlobalSection(ProjectConfigurationPlatforms) = postSolution
		{224CD73A-B2CC-4346-AA2D-68A87B8FE3CB}.Debug|Any CPU.ActiveCfg = Debug|Any CPU
		{224CD73A-B2CC-4346-AA2D-68A87B8FE3CB}.Debug|Any CPU.Build.0 = Debug|Any CPU
		{224CD73A-B2CC-4346-AA2D-68A87B8FE3CB}.Release|Any CPU.ActiveCfg = Release|Any CPU
		{224CD73A-B2CC-4346-AA2D-68A87B8FE3CB}.Release|Any CPU.Build.0 = Release|Any CPU
	EndGlobalSection
	GlobalSection(SolutionProperties) = preSolution
		HideSolutionNode = FALSE
	EndGlobalSection
	GlobalSection(ExtensibilityGlobals) = postSolution
		SolutionGuid = {B0767807-75A2-4C52-BA32-938C4D4133A5}
	EndGlobalSection
EndGlobal
